
Microsoft Visual Studio Solution File, Format Version 12.00
# Visual Studio Version 16
VisualStudioVersion = 16.0.31321.278
MinimumVisualStudioVersion = 10.0.40219.1
Project("{FAE04EC0-301F-11D3-BF4B-00C04F79EFBC}") = "WebAppApi", "WebAppApi\WebAppApi.csproj", "{2BDCC756-0549-4522-8644-6895A61F0A3D}"
EndProject
Project("{FAE04EC0-301F-11D3-BF4B-00C04F79EFBC}") = "WebApplicationMVC", "WebApplicationMVC\WebApplicationMVC.csproj", "{537BD60F-E73F-42CF-9502-F5F6ADA87B85}"
EndProject
Global
	GlobalSection(SolutionConfigurationPlatforms) = preSolution
		Debug|Any CPU = Debug|Any CPU
		Release|Any CPU = Release|Any CPU
	EndGlobalSection
	GlobalSection(ProjectConfigurationPlatforms) = postSolution
		{2BDCC756-0549-4522-8644-6895A61F0A3D}.Debug|Any CPU.ActiveCfg = Debug|Any CPU
		{2BDCC756-0549-4522-8644-6895A61F0A3D}.Debug|Any CPU.Build.0 = Debug|Any CPU
		{2BDCC756-0549-4522-8644-6895A61F0A3D}.Release|Any CPU.ActiveCfg = Release|Any CPU
		{2BDCC756-0549-4522-8644-6895A61F0A3D}.Release|Any CPU.Build.0 = Release|Any CPU
		{537BD60F-E73F-42CF-9502-F5F6ADA87B85}.Debug|Any CPU.ActiveCfg = Debug|Any CPU
		{537BD60F-E73F-42CF-9502-F5F6ADA87B85}.Debug|Any CPU.Build.0 = Debug|Any CPU
		{537BD60F-E73F-42CF-9502-F5F6ADA87B85}.Release|Any CPU.ActiveCfg = Release|Any CPU
		{537BD60F-E73F-42CF-9502-F5F6ADA87B85}.Release|Any CPU.Build.0 = Release|Any CPU
	EndGlobalSection
	GlobalSection(SolutionProperties) = preSolution
		HideSolutionNode = FALSE
	EndGlobalSection
	GlobalSection(ExtensibilityGlobals) = postSolution
		SolutionGuid = {48094EC2-1729-4C39-AFC1-C6FD88232968}
	EndGlobalSection
EndGlobal
